# THIS IS AN AUTOGENERATED FILE. DO NOT EDIT THIS FILE DIRECTLY.
# yarn lockfile v1


react-native-flip-component@^1.0.6:
  version "1.0.6"
  resolved "https://registry.yarnpkg.com/react-native-flip-component/-/react-native-flip-component-1.0.6.tgz#f4b81fa5015404e6cb24ccb8fbaac557b3d98462"
  integrity sha512-07yowFx9Ivi3gJ376102QmscTwgdzC5HrllwgKOXve0IIkMce7o/xZfz1NucAQRqXlbDUc24tVXVH7gh5UTh+g==
